
Microsoft Visual Studio Solution File, Format Version 12.00
# Visual Studio Version 17
VisualStudioVersion = 17.5.33530.505
MinimumVisualStudioVersion = 10.0.40219.1
Project("{FAE04EC0-301F-11D3-BF4B-00C04F79EFBC}") = "ApiAnnan", "ApiAnnan.csproj", "{A1AB0D21-DD7B-4E7E-9D3F-1D01C2AA1019}"
EndProject
Global
	GlobalSection(SolutionConfigurationPlatforms) = preSolution
		Debug|Any CPU = Debug|Any CPU
		Release|Any CPU = Release|Any CPU
	EndGlobalSection
	GlobalSection(ProjectConfigurationPlatforms) = postSolution
		{A1AB0D21-DD7B-4E7E-9D3F-1D01C2AA1019}.Debug|Any CPU.ActiveCfg = Debug|Any CPU
		{A1AB0D21-DD7B-4E7E-9D3F-1D01C2AA1019}.Debug|Any CPU.Build.0 = Debug|Any CPU
		{A1AB0D21-DD7B-4E7E-9D3F-1D01C2AA1019}.Release|Any CPU.ActiveCfg = Release|Any CPU
		{A1AB0D21-DD7B-4E7E-9D3F-1D01C2AA1019}.Release|Any CPU.Build.0 = Release|Any CPU
	EndGlobalSection
	GlobalSection(SolutionProperties) = preSolution
		HideSolutionNode = FALSE
	EndGlobalSection
	GlobalSection(ExtensibilityGlobals) = postSolution
		SolutionGuid = {41BF20C7-4513-4570-9D79-CDD3A5D21F70}
	EndGlobalSection
EndGlobal
